PODS:
  - MGSocialShareKit (1.0.0)

DEPENDENCIES:
  - MGSocialShareKit

SPEC REPOS:
  https://github.com/CocoaPods/Specs.git:
    - MGSocialShareKit

SPEC CHECKSUMS:
  MGSocialShareKit: c05cfcf846c0cb0fd1791f897c7e6d0f5e0cb999

PODFILE CHECKSUM: 802f69e4673911132f9bd0133ee317b6a3b9e2a2

COCOAPODS: 1.5.0
